// !$*UTF8*$!
{
	archiveVersion = 1;
	classes = {
	};
	objectVersion = 50;
	objects = {

/* Begin PBXBuildFile section */
		9D83DFFF2260350A006E7F09 /* BLERequest.h in Headers */ = {isa = PBXBuildFile; fileRef = 9D83DFF12260350A006E7F09 /* BLERequest.h */; settings = {ATTRIBUTES = (Public, ); }; };
		9D99AEDE2265782E009FF7AB /* AppDelegate.swift in Sources */ = {isa = PBXBuildFile; fileRef = 9D99AEDD2265782E009FF7AB /* AppDelegate.swift */; };
		9D99AEE02265782F009FF7AB /* BLECTMainViewController.swift in Sources */ = {isa = PBXBuildFile; fileRef = 9D99AEDF2265782F009FF7AB /* BLECTMainViewController.swift */; };
		9D99AEE32265782F009FF7AB /* Main.storyboard in Resources */ = {isa = PBXBuildFile; fileRef = 9D99AEE12265782F009FF7AB /* Main.storyboard */; };
		9D99AEE522657832009FF7AB /* Assets.xcassets in Resources */ = {isa = PBXBuildFile; fileRef = 9D99AEE422657832009FF7AB /* Assets.xcassets */; };
		9D99AEE822657832009FF7AB /* LaunchScreen.storyboard in Resources */ = {isa = PBXBuildFile; fileRef = 9D99AEE622657832009FF7AB /* LaunchScreen.storyboard */; };
		9D99AEEF22657BAB009FF7AB /* BLECTActionItem.swift in Sources */ = {isa = PBXBuildFile; fileRef = 9D99AEEE22657BAB009FF7AB /* BLECTActionItem.swift */; };
		9D99AEF122657CD4009FF7AB /* BLECTActionManager.swift in Sources */ = {isa = PBXBuildFile; fileRef = 9D99AEF022657CD4009FF7AB /* BLECTActionManager.swift */; };
		9D99AEF322657CE5009FF7AB /* BLECTApi.swift in Sources */ = {isa = PBXBuildFile; fileRef = 9D99AEF222657CE4009FF7AB /* BLECTApi.swift */; };
		9D99AEFC22657FCB009FF7AB /* AppDelegate.swift in Sources */ = {isa = PBXBuildFile; fileRef = 9D99AEFB22657FCB009FF7AB /* AppDelegate.swift */; };
		9D99AF0122657FCB009FF7AB /* Main.storyboard in Resources */ = {isa = PBXBuildFile; fileRef = 9D99AEFF22657FCB009FF7AB /* Main.storyboard */; };
		9D99AF0322657FCE009FF7AB /* Assets.xcassets in Resources */ = {isa = PBXBuildFile; fileRef = 9D99AF0222657FCE009FF7AB /* Assets.xcassets */; };
		9D99AF0622657FCE009FF7AB /* LaunchScreen.storyboard in Resources */ = {isa = PBXBuildFile; fileRef = 9D99AF0422657FCE009FF7AB /* LaunchScreen.storyboard */; };
		9D99AF0D226580BB009FF7AB /* BLECTActionViewController.swift in Sources */ = {isa = PBXBuildFile; fileRef = 9D99AF0B226580BB009FF7AB /* BLECTActionViewController.swift */; };
		9D99AF0E226580BB009FF7AB /* BLECTActionViewController.xib in Resources */ = {isa = PBXBuildFile; fileRef = 9D99AF0C226580BB009FF7AB /* BLECTActionViewController.xib */; };
		9D99AF11226610C8009FF7AB /* BLECTActionCollectionCell.swift in Sources */ = {isa = PBXBuildFile; fileRef = 9D99AF0F226610C8009FF7AB /* BLECTActionCollectionCell.swift */; };
		9D99AF12226610C8009FF7AB /* BLECTActionCollectionCell.xib in Resources */ = {isa = PBXBuildFile; fileRef = 9D99AF10226610C8009FF7AB /* BLECTActionCollectionCell.xib */; };
		9D99AF1D226796CB009FF7AB /* BLEPTActionItem.swift in Sources */ = {isa = PBXBuildFile; fileRef = 9D99AF1722679049009FF7AB /* BLEPTActionItem.swift */; };
		9D99AF1E226796D0009FF7AB /* BLEPTActionManager.swift in Sources */ = {isa = PBXBuildFile; fileRef = 9D99AF1622679049009FF7AB /* BLEPTActionManager.swift */; };
		9D99AF1F226796D3009FF7AB /* BLEPTApi.swift in Sources */ = {isa = PBXBuildFile; fileRef = 9D99AF1522679049009FF7AB /* BLEPTApi.swift */; };
		9D99AF20226796D5009FF7AB /* BLEPTMainViewController.swift in Sources */ = {isa = PBXBuildFile; fileRef = 9D99AF1C2267904F009FF7AB /* BLEPTMainViewController.swift */; };
		9D99AF21226796D7009FF7AB /* BLEPTActionViewController.swift in Sources */ = {isa = PBXBuildFile; fileRef = 9D99AF182267904F009FF7AB /* BLEPTActionViewController.swift */; };
		9D99AF22226796DD009FF7AB /* BLEPTActionCollectionCell.swift in Sources */ = {isa = PBXBuildFile; fileRef = 9D99AF1B2267904F009FF7AB /* BLEPTActionCollectionCell.swift */; };
		9D99AF2322679783009FF7AB /* BLEPTActionViewController.xib in Resources */ = {isa = PBXBuildFile; fileRef = 9D99AF1A2267904F009FF7AB /* BLEPTActionViewController.xib */; };
		9D99AF242267978C009FF7AB /* BLEPTActionCollectionCell.xib in Resources */ = {isa = PBXBuildFile; fileRef = 9D99AF192267904F009FF7AB /* BLEPTActionCollectionCell.xib */; };
		9D99AF422267B848009FF7AB /* BLERequestType.swift in Sources */ = {isa = PBXBuildFile; fileRef = 9D99AF402267B848009FF7AB /* BLERequestType.swift */; };
		9D99AF432267B848009FF7AB /* BLERequestApi.swift in Sources */ = {isa = PBXBuildFile; fileRef = 9D99AF412267B848009FF7AB /* BLERequestApi.swift */; };
		9D99AF452267B8EC009FF7AB /* BLEPeripheral.swift in Sources */ = {isa = PBXBuildFile; fileRef = 9D99AF442267B8EC009FF7AB /* BLEPeripheral.swift */; };
		9D99AF472267B903009FF7AB /* BLECentral.swift in Sources */ = {isa = PBXBuildFile; fileRef = 9D99AF462267B903009FF7AB /* BLECentral.swift */; };
		9DCC2E06226983D7009CB1E5 /* BLERequest.framework in Frameworks */ = {isa = PBXBuildFile; fileRef = 9D83DFEE2260350A006E7F09 /* BLERequest.framework */; };
		9DCC2E07226983D7009CB1E5 /* BLERequest.framework in Embed Frameworks */ = {isa = PBXBuildFile; fileRef = 9D83DFEE2260350A006E7F09 /* BLERequest.framework */; settings = {ATTRIBUTES = (CodeSignOnCopy, RemoveHeadersOnCopy, ); }; };
		9DCC2E0C226AB3CF009CB1E5 /* BLECentralActionDelegate.swift in Sources */ = {isa = PBXBuildFile; fileRef = 9DCC2E0B226AB3CF009CB1E5 /* BLECentralActionDelegate.swift */; };
		9DCC2E0E226ABE78009CB1E5 /* BLECTCentralManager.swift in Sources */ = {isa = PBXBuildFile; fileRef = 9DCC2E0D226ABE78009CB1E5 /* BLECTCentralManager.swift */; };
		9DCC2E16226AD1FB009CB1E5 /* BLERequest.framework in Frameworks */ = {isa = PBXBuildFile; fileRef = 9D83DFEE2260350A006E7F09 /* BLERequest.framework */; };
		9DCC2E17226AD1FB009CB1E5 /* BLERequest.framework in Embed Frameworks */ = {isa = PBXBuildFile; fileRef = 9D83DFEE2260350A006E7F09 /* BLERequest.framework */; settings = {ATTRIBUTES = (CodeSignOnCopy, RemoveHeadersOnCopy, ); }; };
		9DCC2E1C226ADC36009CB1E5 /* BLECTNotification.swift in Sources */ = {isa = PBXBuildFile; fileRef = 9DCC2E1B226ADC36009CB1E5 /* BLECTNotification.swift */; };
		9DF3D487226037A8002C7ED0 /* BLEPeripheralCore.swift in Sources */ = {isa = PBXBuildFile; fileRef = 9DF3D486226037A8002C7ED0 /* BLEPeripheralCore.swift */; };
		9DF3D48A22603859002C7ED0 /* CoreBluetooth.framework in Frameworks */ = {isa = PBXBuildFile; fileRef = 9DF3D48922603859002C7ED0 /* CoreBluetooth.framework */; };
		9DF3D48D22603BE7002C7ED0 /* BLEDebugUtils.swift in Sources */ = {isa = PBXBuildFile; fileRef = 9DF3D48C22603BE7002C7ED0 /* BLEDebugUtils.swift */; };
		9DF3D49222617E07002C7ED0 /* BLEDataChunk.swift in Sources */ = {isa = PBXBuildFile; fileRef = 9DF3D49122617E07002C7ED0 /* BLEDataChunk.swift */; };
		9DF3D49422617F79002C7ED0 /* BLEDataUtils.swift in Sources */ = {isa = PBXBuildFile; fileRef = 9DF3D49322617F79002C7ED0 /* BLEDataUtils.swift */; };
		9DF3D49622618A7E002C7ED0 /* BLEDataChunkManager.swift in Sources */ = {isa = PBXBuildFile; fileRef = 9DF3D49522618A7E002C7ED0 /* BLEDataChunkManager.swift */; };
		9DF3D49A2263E8BB002C7ED0 /* BLECentralCore.swift in Sources */ = {isa = PBXBuildFile; fileRef = 9DF3D4992263E8BB002C7ED0 /* BLECentralCore.swift */; };
		9DF3D49C2263EAC9002C7ED0 /* BLEUUID.swift in Sources */ = {isa = PBXBuildFile; fileRef = 9DF3D49B2263EAC9002C7ED0 /* BLEUUID.swift */; };
		9DF3D49F2264238E002C7ED0 /* BLEDataReceiveManager.swift in Sources */ = {isa = PBXBuildFile; fileRef = 9DF3D49E2264238E002C7ED0 /* BLEDataReceiveManager.swift */; };
		9DF3D4A1226427D9002C7ED0 /* BLEString.swift in Sources */ = {isa = PBXBuildFile; fileRef = 9DF3D4A0226427D9002C7ED0 /* BLEString.swift */; };
/* End PBXBuildFile section */

/* Begin PBXContainerItemProxy section */
		9DCC2E08226983D7009CB1E5 /* PBXContainerItemProxy */ = {
			isa = PBXContainerItemProxy;
			containerPortal = 9D83DFE522603509006E7F09 /* Project object */;
			proxyType = 1;
			remoteGlobalIDString = 9D83DFED2260350A006E7F09;
			remoteInfo = BLERequest;
		};
		9DCC2E18226AD1FB009CB1E5 /* PBXContainerItemProxy */ = {
			isa = PBXContainerItemProxy;
			containerPortal = 9D83DFE522603509006E7F09 /* Project object */;
			proxyType = 1;
			remoteGlobalIDString = 9D83DFED2260350A006E7F09;
			remoteInfo = BLERequest;
		};
/* End PBXContainerItemProxy section */

/* Begin PBXCopyFilesBuildPhase section */
		9DCC2E0A226983D7009CB1E5 /* Embed Frameworks */ = {
			isa = PBXCopyFilesBuildPhase;
			buildActionMask = 2147483647;
			dstPath = "";
			dstSubfolderSpec = 10;
			files = (
				9DCC2E07226983D7009CB1E5 /* BLERequest.framework in Embed Frameworks */,
			);
			name = "Embed Frameworks";
			runOnlyForDeploymentPostprocessing = 0;
		};
		9DCC2E1A226AD1FB009CB1E5 /* Embed Frameworks */ = {
			isa = PBXCopyFilesBuildPhase;
			buildActionMask = 2147483647;
			dstPath = "";
			dstSubfolderSpec = 10;
			files = (
				9DCC2E17226AD1FB009CB1E5 /* BLERequest.framework in Embed Frameworks */,
			);
			name = "Embed Frameworks";
			runOnlyForDeploymentPostprocessing = 0;
		};
/* End PBXCopyFilesBuildPhase section */

/* Begin PBXFileReference section */
		9D83DFEE2260350A006E7F09 /* BLERequest.framework */ = {isa = PBXFileReference; explicitFileType = wrapper.framework; includeInIndex = 0; path = BLERequest.framework; sourceTree = BUILT_PRODUCTS_DIR; };
		9D83DFF12260350A006E7F09 /* BLERequest.h */ = {isa = PBXFileReference; lastKnownFileType = sourcecode.c.h; path = BLERequest.h; sourceTree = "<group>"; };
		9D83DFF22260350A006E7F09 /* Info.plist */ = {isa = PBXFileReference; lastKnownFileType = text.plist.xml; path = Info.plist; sourceTree = "<group>"; };
		9D99AEDB2265782E009FF7AB /* BLECentralTest.app */ = {isa = PBXFileReference; explicitFileType = wrapper.application; includeInIndex = 0; path = BLECentralTest.app; sourceTree = BUILT_PRODUCTS_DIR; };
		9D99AEDD2265782E009FF7AB /* AppDelegate.swift */ = {isa = PBXFileReference; lastKnownFileType = sourcecode.swift; path = AppDelegate.swift; sourceTree = "<group>"; };
		9D99AEDF2265782F009FF7AB /* BLECTMainViewController.swift */ = {isa = PBXFileReference; lastKnownFileType = sourcecode.swift; path = BLECTMainViewController.swift; sourceTree = "<group>"; };
		9D99AEE22265782F009FF7AB /* Base */ = {isa = PBXFileReference; lastKnownFileType = file.storyboard; name = Base; path = Base.lproj/Main.storyboard; sourceTree = "<group>"; };
		9D99AEE422657832009FF7AB /* Assets.xcassets */ = {isa = PBXFileReference; lastKnownFileType = folder.assetcatalog; path = Assets.xcassets; sourceTree = "<group>"; };
		9D99AEE722657832009FF7AB /* Base */ = {isa = PBXFileReference; lastKnownFileType = file.storyboard; name = Base; path = Base.lproj/LaunchScreen.storyboard; sourceTree = "<group>"; };
		9D99AEE922657832009FF7AB /* Info.plist */ = {isa = PBXFileReference; lastKnownFileType = text.plist.xml; path = Info.plist; sourceTree = "<group>"; };
		9D99AEEE22657BAB009FF7AB /* BLECTActionItem.swift */ = {isa = PBXFileReference; lastKnownFileType = sourcecode.swift; path = BLECTActionItem.swift; sourceTree = "<group>"; };
		9D99AEF022657CD4009FF7AB /* BLECTActionManager.swift */ = {isa = PBXFileReference; lastKnownFileType = sourcecode.swift; path = BLECTActionManager.swift; sourceTree = "<group>"; };
		9D99AEF222657CE4009FF7AB /* BLECTApi.swift */ = {isa = PBXFileReference; lastKnownFileType = sourcecode.swift; path = BLECTApi.swift; sourceTree = "<group>"; };
		9D99AEF922657FCB009FF7AB /* BLEPeripheralTest.app */ = {isa = PBXFileReference; explicitFileType = wrapper.application; includeInIndex = 0; path = BLEPeripheralTest.app; sourceTree = BUILT_PRODUCTS_DIR; };
		9D99AEFB22657FCB009FF7AB /* AppDelegate.swift */ = {isa = PBXFileReference; lastKnownFileType = sourcecode.swift; path = AppDelegate.swift; sourceTree = "<group>"; };
		9D99AF0022657FCB009FF7AB /* Base */ = {isa = PBXFileReference; lastKnownFileType = file.storyboard; name = Base; path = Base.lproj/Main.storyboard; sourceTree = "<group>"; };
		9D99AF0222657FCE009FF7AB /* Assets.xcassets */ = {isa = PBXFileReference; lastKnownFileType = folder.assetcatalog; path = Assets.xcassets; sourceTree = "<group>"; };
		9D99AF0522657FCE009FF7AB /* Base */ = {isa = PBXFileReference; lastKnownFileType = file.storyboard; name = Base; path = Base.lproj/LaunchScreen.storyboard; sourceTree = "<group>"; };
		9D99AF0722657FCE009FF7AB /* Info.plist */ = {isa = PBXFileReference; lastKnownFileType = text.plist.xml; path = Info.plist; sourceTree = "<group>"; };
		9D99AF0B226580BB009FF7AB /* BLECTActionViewController.swift */ = {isa = PBXFileReference; lastKnownFileType = sourcecode.swift; path = BLECTActionViewController.swift; sourceTree = "<group>"; };
		9D99AF0C226580BB009FF7AB /* BLECTActionViewController.xib */ = {isa = PBXFileReference; lastKnownFileType = file.xib; path = BLECTActionViewController.xib; sourceTree = "<group>"; };
		9D99AF0F226610C8009FF7AB /* BLECTActionCollectionCell.swift */ = {isa = PBXFileReference; lastKnownFileType = sourcecode.swift; path = BLECTActionCollectionCell.swift; sourceTree = "<group>"; };
		9D99AF10226610C8009FF7AB /* BLECTActionCollectionCell.xib */ = {isa = PBXFileReference; lastKnownFileType = file.xib; path = BLECTActionCollectionCell.xib; sourceTree = "<group>"; };
		9D99AF1522679049009FF7AB /* BLEPTApi.swift */ = {isa = PBXFileReference; lastKnownFileType = sourcecode.swift; path = BLEPTApi.swift; sourceTree = "<group>"; };
		9D99AF1622679049009FF7AB /* BLEPTActionManager.swift */ = {isa = PBXFileReference; lastKnownFileType = sourcecode.swift; path = BLEPTActionManager.swift; sourceTree = "<group>"; };
		9D99AF1722679049009FF7AB /* BLEPTActionItem.swift */ = {isa = PBXFileReference; lastKnownFileType = sourcecode.swift; path = BLEPTActionItem.swift; sourceTree = "<group>"; };
		9D99AF182267904F009FF7AB /* BLEPTActionViewController.swift */ = {isa = PBXFileReference; lastKnownFileType = sourcecode.swift; path = BLEPTActionViewController.swift; sourceTree = "<group>"; };
		9D99AF192267904F009FF7AB /* BLEPTActionCollectionCell.xib */ = {isa = PBXFileReference; lastKnownFileType = file.xib; path = BLEPTActionCollectionCell.xib; sourceTree = "<group>"; };
		9D99AF1A2267904F009FF7AB /* BLEPTActionViewController.xib */ = {isa = PBXFileReference; lastKnownFileType = file.xib; path = BLEPTActionViewController.xib; sourceTree = "<group>"; };
		9D99AF1B2267904F009FF7AB /* BLEPTActionCollectionCell.swift */ = {isa = PBXFileReference; lastKnownFileType = sourcecode.swift; path = BLEPTActionCollectionCell.swift; sourceTree = "<group>"; };
		9D99AF1C2267904F009FF7AB /* BLEPTMainViewController.swift */ = {isa = PBXFileReference; lastKnownFileType = sourcecode.swift; path = BLEPTMainViewController.swift; sourceTree = "<group>"; };
		9D99AF402267B848009FF7AB /* BLERequestType.swift */ = {isa = PBXFileReference; fileEncoding = 4; lastKnownFileType = sourcecode.swift; path = BLERequestType.swift; sourceTree = "<group>"; };
		9D99AF412267B848009FF7AB /* BLERequestApi.swift */ = {isa = PBXFileReference; fileEncoding = 4; lastKnownFileType = sourcecode.swift; path = BLERequestApi.swift; sourceTree = "<group>"; };
		9D99AF442267B8EC009FF7AB /* BLEPeripheral.swift */ = {isa = PBXFileReference; lastKnownFileType = sourcecode.swift; path = BLEPeripheral.swift; sourceTree = "<group>"; };
		9D99AF462267B903009FF7AB /* BLECentral.swift */ = {isa = PBXFileReference; lastKnownFileType = sourcecode.swift; path = BLECentral.swift; sourceTree = "<group>"; };
		9DCC2E0B226AB3CF009CB1E5 /* BLECentralActionDelegate.swift */ = {isa = PBXFileReference; lastKnownFileType = sourcecode.swift; path = BLECentralActionDelegate.swift; sourceTree = "<group>"; };
		9DCC2E0D226ABE78009CB1E5 /* BLECTCentralManager.swift */ = {isa = PBXFileReference; lastKnownFileType = sourcecode.swift; path = BLECTCentralManager.swift; sourceTree = "<group>"; };
		9DCC2E1B226ADC36009CB1E5 /* BLECTNotification.swift */ = {isa = PBXFileReference; lastKnownFileType = sourcecode.swift; path = BLECTNotification.swift; sourceTree = "<group>"; };
		9DF3D486226037A8002C7ED0 /* BLEPeripheralCore.swift */ = {isa = PBXFileReference; lastKnownFileType = sourcecode.swift; path = BLEPeripheralCore.swift; sourceTree = "<group>"; };
		9DF3D48922603859002C7ED0 /* CoreBluetooth.framework */ = {isa = PBXFileReference; lastKnownFileType = wrapper.framework; name = CoreBluetooth.framework; path = System/Library/Frameworks/CoreBluetooth.framework; sourceTree = SDKROOT; };
		9DF3D48C22603BE7002C7ED0 /* BLEDebugUtils.swift */ = {isa = PBXFileReference; lastKnownFileType = sourcecode.swift; path = BLEDebugUtils.swift; sourceTree = "<group>"; };
		9DF3D49122617E07002C7ED0 /* BLEDataChunk.swift */ = {isa = PBXFileReference; lastKnownFileType = sourcecode.swift; path = BLEDataChunk.swift; sourceTree = "<group>"; };
		9DF3D49322617F79002C7ED0 /* BLEDataUtils.swift */ = {isa = PBXFileReference; lastKnownFileType = sourcecode.swift; path = BLEDataUtils.swift; sourceTree = "<group>"; };
		9DF3D49522618A7E002C7ED0 /* BLEDataChunkManager.swift */ = {isa = PBXFileReference; lastKnownFileType = sourcecode.swift; path = BLEDataChunkManager.swift; sourceTree = "<group>"; };
		9DF3D4992263E8BB002C7ED0 /* BLECentralCore.swift */ = {isa = PBXFileReference; lastKnownFileType = sourcecode.swift; path = BLECentralCore.swift; sourceTree = "<group>"; };
		9DF3D49B2263EAC9002C7ED0 /* BLEUUID.swift */ = {isa = PBXFileReference; lastKnownFileType = sourcecode.swift; path = BLEUUID.swift; sourceTree = "<group>"; };
		9DF3D49E2264238E002C7ED0 /* BLEDataReceiveManager.swift */ = {isa = PBXFileReference; lastKnownFileType = sourcecode.swift; path = BLEDataReceiveManager.swift; sourceTree = "<group>"; };
		9DF3D4A0226427D9002C7ED0 /* BLEString.swift */ = {isa = PBXFileReference; lastKnownFileType = sourcecode.swift; path = BLEString.swift; sourceTree = "<group>"; };
/* End PBXFileReference section */

/* Begin PBXFrameworksBuildPhase section */
		9D83DFEB2260350A006E7F09 /* Frameworks */ = {
			isa = PBXFrameworksBuildPhase;
			buildActionMask = 2147483647;
			files = (
				9DF3D48A22603859002C7ED0 /* CoreBluetooth.framework in Frameworks */,
			);
			runOnlyForDeploymentPostprocessing = 0;
		};
		9D99AED82265782E009FF7AB /* Frameworks */ = {
			isa = PBXFrameworksBuildPhase;
			buildActionMask = 2147483647;
			files = (
				9DCC2E16226AD1FB009CB1E5 /* BLERequest.framework in Frameworks */,
			);
			runOnlyForDeploymentPostprocessing = 0;
		};
		9D99AEF622657FCB009FF7AB /* Frameworks */ = {
			isa = PBXFrameworksBuildPhase;
			buildActionMask = 2147483647;
			files = (
				9DCC2E06226983D7009CB1E5 /* BLERequest.framework in Frameworks */,
			);
			runOnlyForDeploymentPostprocessing = 0;
		};
/* End PBXFrameworksBuildPhase section */

/* Begin PBXGroup section */
		9D83DFE422603509006E7F09 = {
			isa = PBXGroup;
			children = (
				9D83DFF02260350A006E7F09 /* BLERequest */,
				9D99AEDC2265782E009FF7AB /* BLECentralTest */,
				9D99AEFA22657FCB009FF7AB /* BLEPeripheralTest */,
				9D83DFEF2260350A006E7F09 /* Products */,
				9DF3D48822603859002C7ED0 /* Frameworks */,
			);
			sourceTree = "<group>";
		};
		9D83DFEF2260350A006E7F09 /* Products */ = {
			isa = PBXGroup;
			children = (
				9D83DFEE2260350A006E7F09 /* BLERequest.framework */,
				9D99AEDB2265782E009FF7AB /* BLECentralTest.app */,
				9D99AEF922657FCB009FF7AB /* BLEPeripheralTest.app */,
			);
			name = Products;
			sourceTree = "<group>";
		};
		9D83DFF02260350A006E7F09 /* BLERequest */ = {
			isa = PBXGroup;
			children = (
				9DF3D48B22603B18002C7ED0 /* Utility */,
				9DF3D48222603672002C7ED0 /* Models */,
				9D83DFF12260350A006E7F09 /* BLERequest.h */,
				9D83DFF22260350A006E7F09 /* Info.plist */,
			);
			path = BLERequest;
			sourceTree = "<group>";
		};
		9D99AEDC2265782E009FF7AB /* BLECentralTest */ = {
			isa = PBXGroup;
			children = (
				9D99AEED22657B63009FF7AB /* Models */,
				9D99AEF422657ED9009FF7AB /* Views */,
				9D99AEDD2265782E009FF7AB /* AppDelegate.swift */,
				9D99AEE12265782F009FF7AB /* Main.storyboard */,
				9D99AEE422657832009FF7AB /* Assets.xcassets */,
				9D99AEE622657832009FF7AB /* LaunchScreen.storyboard */,
				9D99AEE922657832009FF7AB /* Info.plist */,
			);
			path = BLECentralTest;
			sourceTree = "<group>";
		};
		9D99AEED22657B63009FF7AB /* Models */ = {
			isa = PBXGroup;
			children = (
				9D99AEEE22657BAB009FF7AB /* BLECTActionItem.swift */,
				9D99AEF022657CD4009FF7AB /* BLECTActionManager.swift */,
				9DCC2E0D226ABE78009CB1E5 /* BLECTCentralManager.swift */,
				9D99AEF222657CE4009FF7AB /* BLECTApi.swift */,
				9DCC2E1B226ADC36009CB1E5 /* BLECTNotification.swift */,
			);
			path = Models;
			sourceTree = "<group>";
		};
		9D99AEF422657ED9009FF7AB /* Views */ = {
			isa = PBXGroup;
			children = (
				9D99AEDF2265782F009FF7AB /* BLECTMainViewController.swift */,
				9D99AF0B226580BB009FF7AB /* BLECTActionViewController.swift */,
				9D99AF0C226580BB009FF7AB /* BLECTActionViewController.xib */,
				9D99AF0F226610C8009FF7AB /* BLECTActionCollectionCell.swift */,
				9D99AF10226610C8009FF7AB /* BLECTActionCollectionCell.xib */,
			);
			path = Views;
			sourceTree = "<group>";
		};
		9D99AEFA22657FCB009FF7AB /* BLEPeripheralTest */ = {
			isa = PBXGroup;
			children = (
				9D99AF142267903C009FF7AB /* Models */,
				9D99AF132267903C009FF7AB /* Views */,
				9D99AEFB22657FCB009FF7AB /* AppDelegate.swift */,
				9D99AEFF22657FCB009FF7AB /* Main.storyboard */,
				9D99AF0222657FCE009FF7AB /* Assets.xcassets */,
				9D99AF0422657FCE009FF7AB /* LaunchScreen.storyboard */,
				9D99AF0722657FCE009FF7AB /* Info.plist */,
			);
			path = BLEPeripheralTest;
			sourceTree = "<group>";
		};
		9D99AF132267903C009FF7AB /* Views */ = {
			isa = PBXGroup;
			children = (
				9D99AF1C2267904F009FF7AB /* BLEPTMainViewController.swift */,
				9D99AF182267904F009FF7AB /* BLEPTActionViewController.swift */,
				9D99AF1A2267904F009FF7AB /* BLEPTActionViewController.xib */,
				9D99AF1B2267904F009FF7AB /* BLEPTActionCollectionCell.swift */,
				9D99AF192267904F009FF7AB /* BLEPTActionCollectionCell.xib */,
			);
			path = Views;
			sourceTree = "<group>";
		};
		9D99AF142267903C009FF7AB /* Models */ = {
			isa = PBXGroup;
			children = (
				9D99AF1722679049009FF7AB /* BLEPTActionItem.swift */,
				9D99AF1622679049009FF7AB /* BLEPTActionManager.swift */,
				9D99AF1522679049009FF7AB /* BLEPTApi.swift */,
			);
			path = Models;
			sourceTree = "<group>";
		};
		9D99AF3F2267B848009FF7AB /* Api */ = {
			isa = PBXGroup;
			children = (
				9D99AF402267B848009FF7AB /* BLERequestType.swift */,
				9D99AF412267B848009FF7AB /* BLERequestApi.swift */,
				9D99AF442267B8EC009FF7AB /* BLEPeripheral.swift */,
				9D99AF462267B903009FF7AB /* BLECentral.swift */,
			);
			path = Api;
			sourceTree = "<group>";
		};
		9DF3D48222603672002C7ED0 /* Models */ = {
			isa = PBXGroup;
			children = (
				9D99AF3F2267B848009FF7AB /* Api */,
				9DF3D48322603711002C7ED0 /* Core */,
			);
			path = Models;
			sourceTree = "<group>";
		};
		9DF3D48322603711002C7ED0 /* Core */ = {
			isa = PBXGroup;
			children = (
				9DF3D48522603735002C7ED0 /* Central */,
				9DF3D48422603721002C7ED0 /* Peripheral */,
			);
			path = Core;
			sourceTree = "<group>";
		};
		9DF3D48422603721002C7ED0 /* Peripheral */ = {
			isa = PBXGroup;
			children = (
				9DF3D49122617E07002C7ED0 /* BLEDataChunk.swift */,
				9DF3D49522618A7E002C7ED0 /* BLEDataChunkManager.swift */,
				9DF3D486226037A8002C7ED0 /* BLEPeripheralCore.swift */,
			);
			path = Peripheral;
			sourceTree = "<group>";
		};
		9DF3D48522603735002C7ED0 /* Central */ = {
			isa = PBXGroup;
			children = (
				9DF3D4992263E8BB002C7ED0 /* BLECentralCore.swift */,
				9DF3D49E2264238E002C7ED0 /* BLEDataReceiveManager.swift */,
				9DCC2E0B226AB3CF009CB1E5 /* BLECentralActionDelegate.swift */,
			);
			path = Central;
			sourceTree = "<group>";
		};
		9DF3D48822603859002C7ED0 /* Frameworks */ = {
			isa = PBXGroup;
			children = (
				9DF3D48922603859002C7ED0 /* CoreBluetooth.framework */,
			);
			name = Frameworks;
			sourceTree = "<group>";
		};
		9DF3D48B22603B18002C7ED0 /* Utility */ = {
			isa = PBXGroup;
			children = (
				9DF3D49D2263EACD002C7ED0 /* Meta */,
				9DF3D48C22603BE7002C7ED0 /* BLEDebugUtils.swift */,
				9DF3D49322617F79002C7ED0 /* BLEDataUtils.swift */,
			);
			path = Utility;
			sourceTree = "<group>";
		};
		9DF3D49D2263EACD002C7ED0 /* Meta */ = {
			isa = PBXGroup;
			children = (
				9DF3D49B2263EAC9002C7ED0 /* BLEUUID.swift */,
				9DF3D4A0226427D9002C7ED0 /* BLEString.swift */,
			);
			path = Meta;
			sourceTree = "<group>";
		};
/* End PBXGroup section */

/* Begin PBXHeadersBuildPhase section */
		9D83DFE92260350A006E7F09 /* Headers */ = {
			isa = PBXHeadersBuildPhase;
			buildActionMask = 2147483647;
			files = (
				9D83DFFF2260350A006E7F09 /* BLERequest.h in Headers */,
			);
			runOnlyForDeploymentPostprocessing = 0;
		};
/* End PBXHeadersBuildPhase section */

/* Begin PBXNativeTarget section */
		9D83DFED2260350A006E7F09 /* BLERequest */ = {
			isa = PBXNativeTarget;
			buildConfigurationList = 9D83E0022260350A006E7F09 /* Build configuration list for PBXNativeTarget "BLERequest" */;
			buildPhases = (
				9D83DFE92260350A006E7F09 /* Headers */,
				9D83DFEA2260350A006E7F09 /* Sources */,
				9D83DFEB2260350A006E7F09 /* Frameworks */,
				9D83DFEC2260350A006E7F09 /* Resources */,
				9DF3D4982262414E002C7ED0 /* TODO Warning */,
			);
			buildRules = (
			);
			dependencies = (
			);
			name = BLERequest;
			productName = BLERequest;
			productReference = 9D83DFEE2260350A006E7F09 /* BLERequest.framework */;
			productType = "com.apple.product-type.framework";
		};
		9D99AEDA2265782E009FF7AB /* BLECentralTest */ = {
			isa = PBXNativeTarget;
			buildConfigurationList = 9D99AEEA22657832009FF7AB /* Build configuration list for PBXNativeTarget "BLECentralTest" */;
			buildPhases = (
				9D99AED72265782E009FF7AB /* Sources */,
				9D99AED82265782E009FF7AB /* Frameworks */,
				9D99AED92265782E009FF7AB /* Resources */,
				9DCC2E1A226AD1FB009CB1E5 /* Embed Frameworks */,
			);
			buildRules = (
			);
			dependencies = (
				9DCC2E19226AD1FB009CB1E5 /* PBXTargetDependency */,
			);
			name = BLECentralTest;
			productName = BLECentralTest;
			productReference = 9D99AEDB2265782E009FF7AB /* BLECentralTest.app */;
			productType = "com.apple.product-type.application";
		};
		9D99AEF822657FCB009FF7AB /* BLEPeripheralTest */ = {
			isa = PBXNativeTarget;
			buildConfigurationList = 9D99AF0822657FCE009FF7AB /* Build configuration list for PBXNativeTarget "BLEPeripheralTest" */;
			buildPhases = (
				9D99AEF522657FCB009FF7AB /* Sources */,
				9D99AEF622657FCB009FF7AB /* Frameworks */,
				9D99AEF722657FCB009FF7AB /* Resources */,
				9DCC2E0A226983D7009CB1E5 /* Embed Frameworks */,
			);
			buildRules = (
			);
			dependencies = (
				9DCC2E09226983D7009CB1E5 /* PBXTargetDependency */,
			);
			name = BLEPeripheralTest;
			productName = BLEPeripheralTest;
			productReference = 9D99AEF922657FCB009FF7AB /* BLEPeripheralTest.app */;
			productType = "com.apple.product-type.application";
		};
/* End PBXNativeTarget section */

/* Begin PBXProject section */
		9D83DFE522603509006E7F09 /* Project object */ = {
			isa = PBXProject;
			attributes = {
				LastSwiftUpdateCheck = 1020;
				LastUpgradeCheck = 1020;
				ORGANIZATIONNAME = "Hourglass Lab";
				TargetAttributes = {
					9D83DFED2260350A006E7F09 = {
						CreatedOnToolsVersion = 10.2;
						LastSwiftMigration = 1020;
					};
					9D99AEDA2265782E009FF7AB = {
						CreatedOnToolsVersion = 10.2;
					};
					9D99AEF822657FCB009FF7AB = {
						CreatedOnToolsVersion = 10.2;
					};
				};
			};
			buildConfigurationList = 9D83DFE822603509006E7F09 /* Build configuration list for PBXProject "BLERequest" */;
			compatibilityVersion = "Xcode 9.3";
			developmentRegion = en;
			hasScannedForEncodings = 0;
			knownRegions = (
				en,
				Base,
			);
			mainGroup = 9D83DFE422603509006E7F09;
			productRefGroup = 9D83DFEF2260350A006E7F09 /* Products */;
			projectDirPath = "";
			projectRoot = "";
			targets = (
				9D83DFED2260350A006E7F09 /* BLERequest */,
				9D99AEDA2265782E009FF7AB /* BLECentralTest */,
				9D99AEF822657FCB009FF7AB /* BLEPeripheralTest */,
			);
		};
/* End PBXProject section */

/* Begin PBXResourcesBuildPhase section */
		9D83DFEC2260350A006E7F09 /* Resources */ = {
			isa = PBXResourcesBuildPhase;
			buildActionMask = 2147483647;
			files = (
			);
			runOnlyForDeploymentPostprocessing = 0;
		};
		9D99AED92265782E009FF7AB /* Resources */ = {
			isa = PBXResourcesBuildPhase;
			buildActionMask = 2147483647;
			files = (
				9D99AEE822657832009FF7AB /* LaunchScreen.storyboard in Resources */,
				9D99AF0E226580BB009FF7AB /* BLECTActionViewController.xib in Resources */,
				9D99AF12226610C8009FF7AB /* BLECTActionCollectionCell.xib in Resources */,
				9D99AEE522657832009FF7AB /* Assets.xcassets in Resources */,
				9D99AEE32265782F009FF7AB /* Main.storyboard in Resources */,
			);
			runOnlyForDeploymentPostprocessing = 0;
		};
		9D99AEF722657FCB009FF7AB /* Resources */ = {
			isa = PBXResourcesBuildPhase;
			buildActionMask = 2147483647;
			files = (
				9D99AF0622657FCE009FF7AB /* LaunchScreen.storyboard in Resources */,
				9D99AF0322657FCE009FF7AB /* Assets.xcassets in Resources */,
				9D99AF2322679783009FF7AB /* BLEPTActionViewController.xib in Resources */,
				9D99AF242267978C009FF7AB /* BLEPTActionCollectionCell.xib in Resources */,
				9D99AF0122657FCB009FF7AB /* Main.storyboard in Resources */,
			);
			runOnlyForDeploymentPostprocessing = 0;
		};
/* End PBXResourcesBuildPhase section */

/* Begin PBXShellScriptBuildPhase section */
		9DF3D4982262414E002C7ED0 /* TODO Warning */ = {
			isa = PBXShellScriptBuildPhase;
			buildActionMask = 2147483647;
			files = (
			);
			inputFileListPaths = (
			);
			inputPaths = (
			);
			name = "TODO Warning";
			outputFileListPaths = (
			);
			outputPaths = (
			);
			runOnlyForDeploymentPostprocessing = 0;
			shellPath = /bin/sh;
			shellScript = "TAGS=\"TODO:|FIXME:\"\nERRORTAG=\"ERROR:\"\nfind \"${SRCROOT}\" \\( -name \"*.h\" -or -name \"*.m\" -or -name \"*.swift\" \\) -print0 | xargs -0 egrep --with-filename --line-number --only-matching \"($TAGS).*\\$|($ERRORTAG).*\\$\" | perl -p -e \"s/($TAGS)/ warning: \\$1/\" | perl -p -e \"s/($ERRORTAG)/ error: \\$1/\"\n";
		};
/* End PBXShellScriptBuildPhase section */

/* Begin PBXSourcesBuildPhase section */
		9D83DFEA2260350A006E7F09 /* Sources */ = {
			isa = PBXSourcesBuildPhase;
			buildActionMask = 2147483647;
			files = (
				9DF3D48D22603BE7002C7ED0 /* BLEDebugUtils.swift in Sources */,
				9D99AF432267B848009FF7AB /* BLERequestApi.swift in Sources */,
				9DCC2E0C226AB3CF009CB1E5 /* BLECentralActionDelegate.swift in Sources */,
				9D99AF422267B848009FF7AB /* BLERequestType.swift in Sources */,
				9DF3D4A1226427D9002C7ED0 /* BLEString.swift in Sources */,
				9DF3D49F2264238E002C7ED0 /* BLEDataReceiveManager.swift in Sources */,
				9DF3D49622618A7E002C7ED0 /* BLEDataChunkManager.swift in Sources */,
				9D99AF472267B903009FF7AB /* BLECentral.swift in Sources */,
				9DF3D49422617F79002C7ED0 /* BLEDataUtils.swift in Sources */,
				9DF3D487226037A8002C7ED0 /* BLEPeripheralCore.swift in Sources */,
				9DF3D49A2263E8BB002C7ED0 /* BLECentralCore.swift in Sources */,
				9DF3D49222617E07002C7ED0 /* BLEDataChunk.swift in Sources */,
				9D99AF452267B8EC009FF7AB /* BLEPeripheral.swift in Sources */,
				9DF3D49C2263EAC9002C7ED0 /* BLEUUID.swift in Sources */,
			);
			runOnlyForDeploymentPostprocessing = 0;
		};
		9D99AED72265782E009FF7AB /* Sources */ = {
			isa = PBXSourcesBuildPhase;
			buildActionMask = 2147483647;
			files = (
				9DCC2E1C226ADC36009CB1E5 /* BLECTNotification.swift in Sources */,
				9D99AEE02265782F009FF7AB /* BLECTMainViewController.swift in Sources */,
				9D99AF11226610C8009FF7AB /* BLECTActionCollectionCell.swift in Sources */,
				9DCC2E0E226ABE78009CB1E5 /* BLECTCentralManager.swift in Sources */,
				9D99AF0D226580BB009FF7AB /* BLECTActionViewController.swift in Sources */,
				9D99AEEF22657BAB009FF7AB /* BLECTActionItem.swift in Sources */,
				9D99AEDE2265782E009FF7AB /* AppDelegate.swift in Sources */,
				9D99AEF122657CD4009FF7AB /* BLECTActionManager.swift in Sources */,
				9D99AEF322657CE5009FF7AB /* BLECTApi.swift in Sources */,
			);
			runOnlyForDeploymentPostprocessing = 0;
		};
		9D99AEF522657FCB009FF7AB /* Sources */ = {
			isa = PBXSourcesBuildPhase;
			buildActionMask = 2147483647;
			files = (
				9D99AF21226796D7009FF7AB /* BLEPTActionViewController.swift in Sources */,
				9D99AF20226796D5009FF7AB /* BLEPTMainViewController.swift in Sources */,
				9D99AF22226796DD009FF7AB /* BLEPTActionCollectionCell.swift in Sources */,
				9D99AF1E226796D0009FF7AB /* BLEPTActionManager.swift in Sources */,
				9D99AF1D226796CB009FF7AB /* BLEPTActionItem.swift in Sources */,
				9D99AF1F226796D3009FF7AB /* BLEPTApi.swift in Sources */,
				9D99AEFC22657FCB009FF7AB /* AppDelegate.swift in Sources */,
			);
			runOnlyForDeploymentPostprocessing = 0;
		};
/* End PBXSourcesBuildPhase section */

/* Begin PBXTargetDependency section */
		9DCC2E09226983D7009CB1E5 /* PBXTargetDependency */ = {
			isa = PBXTargetDependency;
			target = 9D83DFED2260350A006E7F09 /* BLERequest */;
			targetProxy = 9DCC2E08226983D7009CB1E5 /* PBXContainerItemProxy */;
		};
		9DCC2E19226AD1FB009CB1E5 /* PBXTargetDependency */ = {
			isa = PBXTargetDependency;
			target = 9D83DFED2260350A006E7F09 /* BLERequest */;
			targetProxy = 9DCC2E18226AD1FB009CB1E5 /* PBXContainerItemProxy */;
		};
/* End PBXTargetDependency section */

/* Begin PBXVariantGroup section */
		9D99AEE12265782F009FF7AB /* Main.storyboard */ = {
			isa = PBXVariantGroup;
			children = (
				9D99AEE22265782F009FF7AB /* Base */,
			);
			name = Main.storyboard;
			sourceTree = "<group>";
		};
		9D99AEE622657832009FF7AB /* LaunchScreen.storyboard */ = {
			isa = PBXVariantGroup;
			children = (
				9D99AEE722657832009FF7AB /* Base */,
			);
			name = LaunchScreen.storyboard;
			sourceTree = "<group>";
		};
		9D99AEFF22657FCB009FF7AB /* Main.storyboard */ = {
			isa = PBXVariantGroup;
			children = (
				9D99AF0022657FCB009FF7AB /* Base */,
			);
			name = Main.storyboard;
			sourceTree = "<group>";
		};
		9D99AF0422657FCE009FF7AB /* LaunchScreen.storyboard */ = {
			isa = PBXVariantGroup;
			children = (
				9D99AF0522657FCE009FF7AB /* Base */,
			);
			name = LaunchScreen.storyboard;
			sourceTree = "<group>";
		};
/* End PBXVariantGroup section */

/* Begin XCBuildConfiguration section */
		9D83E0002260350A006E7F09 /* Debug */ = {
			isa = XCBuildConfiguration;
			buildSettings = {
				ALWAYS_SEARCH_USER_PATHS = NO;
				CLANG_ANALYZER_NONNULL = YES;
				CLANG_ANALYZER_NUMBER_OBJECT_CONVERSION = YES_AGGRESSIVE;
				CLANG_CXX_LANGUAGE_STANDARD = "gnu++14";
				CLANG_CXX_LIBRARY = "libc++";
				CLANG_ENABLE_MODULES = YES;
				CLANG_ENABLE_OBJC_ARC = YES;
				CLANG_ENABLE_OBJC_WEAK = YES;
				CLANG_WARN_BLOCK_CAPTURE_AUTORELEASING = YES;
				CLANG_WARN_BOOL_CONVERSION = YES;
				CLANG_WARN_COMMA = YES;
				CLANG_WARN_CONSTANT_CONVERSION = YES;
				CLANG_WARN_DEPRECATED_OBJC_IMPLEMENTATIONS = YES;
				CLANG_WARN_DIRECT_OBJC_ISA_USAGE = YES_ERROR;
				CLANG_WARN_DOCUMENTATION_COMMENTS = YES;
				CLANG_WARN_EMPTY_BODY = YES;
				CLANG_WARN_ENUM_CONVERSION = YES;
				CLANG_WARN_INFINITE_RECURSION = YES;
				CLANG_WARN_INT_CONVERSION = YES;
				CLANG_WARN_NON_LITERAL_NULL_CONVERSION = YES;
				CLANG_WARN_OBJC_IMPLICIT_RETAIN_SELF = YES;
				CLANG_WARN_OBJC_LITERAL_CONVERSION = YES;
				CLANG_WARN_OBJC_ROOT_CLASS = YES_ERROR;
				CLANG_WARN_RANGE_LOOP_ANALYSIS = YES;
				CLANG_WARN_STRICT_PROTOTYPES = YES;
				CLANG_WARN_SUSPICIOUS_MOVE = YES;
				CLANG_WARN_UNGUARDED_AVAILABILITY = YES_AGGRESSIVE;
				CLANG_WARN_UNREACHABLE_CODE = YES;
				CLANG_WARN__DUPLICATE_METHOD_MATCH = YES;
				CODE_SIGN_IDENTITY = "iPhone Developer";
				COPY_PHASE_STRIP = NO;
				CURRENT_PROJECT_VERSION = 1;
				DEBUG_INFORMATION_FORMAT = dwarf;
				ENABLE_STRICT_OBJC_MSGSEND = YES;
				ENABLE_TESTABILITY = YES;
				GCC_C_LANGUAGE_STANDARD = gnu11;
				GCC_DYNAMIC_NO_PIC = NO;
				GCC_NO_COMMON_BLOCKS = YES;
				GCC_OPTIMIZATION_LEVEL = 0;
				GCC_PREPROCESSOR_DEFINITIONS = (
					"DEBUG=1",
					"$(inherited)",
				);
				GCC_WARN_64_TO_32_BIT_CONVERSION = YES;
				GCC_WARN_ABOUT_RETURN_TYPE = YES_ERROR;
				GCC_WARN_UNDECLARED_SELECTOR = YES;
				GCC_WARN_UNINITIALIZED_AUTOS = YES_AGGRESSIVE;
				GCC_WARN_UNUSED_FUNCTION = YES;
				GCC_WARN_UNUSED_VARIABLE = YES;
				IPHONEOS_DEPLOYMENT_TARGET = 12.2;
				MTL_ENABLE_DEBUG_INFO = INCLUDE_SOURCE;
				MTL_FAST_MATH = YES;
				ONLY_ACTIVE_ARCH = YES;
				SDKROOT = iphoneos;
				SWIFT_ACTIVE_COMPILATION_CONDITIONS = DEBUG;
				SWIFT_OPTIMIZATION_LEVEL = "-Onone";
				VERSIONING_SYSTEM = "apple-generic";
				VERSION_INFO_PREFIX = "";
			};
			name = Debug;
		};
		9D83E0012260350A006E7F09 /* Release */ = {
			isa = XCBuildConfiguration;
			buildSettings = {
				ALWAYS_SEARCH_USER_PATHS = NO;
				CLANG_ANALYZER_NONNULL = YES;
				CLANG_ANALYZER_NUMBER_OBJECT_CONVERSION = YES_AGGRESSIVE;
				CLANG_CXX_LANGUAGE_STANDARD = "gnu++14";
				CLANG_CXX_LIBRARY = "libc++";
				CLANG_ENABLE_MODULES = YES;
				CLANG_ENABLE_OBJC_ARC = YES;
				CLANG_ENABLE_OBJC_WEAK = YES;
				CLANG_WARN_BLOCK_CAPTURE_AUTORELEASING = YES;
				CLANG_WARN_BOOL_CONVERSION = YES;
				CLANG_WARN_COMMA = YES;
				CLANG_WARN_CONSTANT_CONVERSION = YES;
				CLANG_WARN_DEPRECATED_OBJC_IMPLEMENTATIONS = YES;
				CLANG_WARN_DIRECT_OBJC_ISA_USAGE = YES_ERROR;
				CLANG_WARN_DOCUMENTATION_COMMENTS = YES;
				CLANG_WARN_EMPTY_BODY = YES;
				CLANG_WARN_ENUM_CONVERSION = YES;
				CLANG_WARN_INFINITE_RECURSION = YES;
				CLANG_WARN_INT_CONVERSION = YES;
				CLANG_WARN_NON_LITERAL_NULL_CONVERSION = YES;
				CLANG_WARN_OBJC_IMPLICIT_RETAIN_SELF = YES;
				CLANG_WARN_OBJC_LITERAL_CONVERSION = YES;
				CLANG_WARN_OBJC_ROOT_CLASS = YES_ERROR;
				CLANG_WARN_RANGE_LOOP_ANALYSIS = YES;
				CLANG_WARN_STRICT_PROTOTYPES = YES;
				CLANG_WARN_SUSPICIOUS_MOVE = YES;
				CLANG_WARN_UNGUARDED_AVAILABILITY = YES_AGGRESSIVE;
				CLANG_WARN_UNREACHABLE_CODE = YES;
				CLANG_WARN__DUPLICATE_METHOD_MATCH = YES;
				CODE_SIGN_IDENTITY = "iPhone Developer";
				COPY_PHASE_STRIP = NO;
				CURRENT_PROJECT_VERSION = 1;
				DEBUG_INFORMATION_FORMAT = "dwarf-with-dsym";
				ENABLE_NS_ASSERTIONS = NO;
				ENABLE_STRICT_OBJC_MSGSEND = YES;
				GCC_C_LANGUAGE_STANDARD = gnu11;
				GCC_NO_COMMON_BLOCKS = YES;
				GCC_WARN_64_TO_32_BIT_CONVERSION = YES;
				GCC_WARN_ABOUT_RETURN_TYPE = YES_ERROR;
				GCC_WARN_UNDECLARED_SELECTOR = YES;
				GCC_WARN_UNINITIALIZED_AUTOS = YES_AGGRESSIVE;
				GCC_WARN_UNUSED_FUNCTION = YES;
				GCC_WARN_UNUSED_VARIABLE = YES;
				IPHONEOS_DEPLOYMENT_TARGET = 12.2;
				MTL_ENABLE_DEBUG_INFO = NO;
				MTL_FAST_MATH = YES;
				SDKROOT = iphoneos;
				SWIFT_COMPILATION_MODE = wholemodule;
				SWIFT_OPTIMIZATION_LEVEL = "-O";
				VALIDATE_PRODUCT = YES;
				VERSIONING_SYSTEM = "apple-generic";
				VERSION_INFO_PREFIX = "";
			};
			name = Release;
		};
		9D83E0032260350A006E7F09 /* Debug */ = {
			isa = XCBuildConfiguration;
			buildSettings = {
				CLANG_ENABLE_MODULES = YES;
				CODE_SIGN_IDENTITY = "";
				CODE_SIGN_STYLE = Automatic;
				DEFINES_MODULE = YES;
				DEVELOPMENT_TEAM = 8UKBB68PFP;
				DYLIB_COMPATIBILITY_VERSION = 1;
				DYLIB_CURRENT_VERSION = 1;
				DYLIB_INSTALL_NAME_BASE = "@rpath";
				INFOPLIST_FILE = BLERequest/Info.plist;
				INSTALL_PATH = "$(LOCAL_LIBRARY_DIR)/Frameworks";
				IPHONEOS_DEPLOYMENT_TARGET = 10.0;
				LD_RUNPATH_SEARCH_PATHS = (
					"$(inherited)",
					"@executable_path/Frameworks",
					"@loader_path/Frameworks",
				);
				PRODUCT_BUNDLE_IDENTIFIER = com.hourglasslab.BLERequest;
				PRODUCT_NAME = "$(TARGET_NAME:c99extidentifier)";
				SKIP_INSTALL = YES;
				SWIFT_OPTIMIZATION_LEVEL = "-Onone";
				SWIFT_VERSION = 5.0;
				TARGETED_DEVICE_FAMILY = "1,2";
			};
			name = Debug;
		};
		9D83E0042260350A006E7F09 /* Release */ = {
			isa = XCBuildConfiguration;
			buildSettings = {
				CLANG_ENABLE_MODULES = YES;
				CODE_SIGN_IDENTITY = "";
				CODE_SIGN_STYLE = Automatic;
				DEFINES_MODULE = YES;
				DEVELOPMENT_TEAM = 8UKBB68PFP;
				DYLIB_COMPATIBILITY_VERSION = 1;
				DYLIB_CURRENT_VERSION = 1;
				DYLIB_INSTALL_NAME_BASE = "@rpath";
				INFOPLIST_FILE = BLERequest/Info.plist;
				INSTALL_PATH = "$(LOCAL_LIBRARY_DIR)/Frameworks";
				IPHONEOS_DEPLOYMENT_TARGET = 10.0;
				LD_RUNPATH_SEARCH_PATHS = (
					"$(inherited)",
					"@executable_path/Frameworks",
					"@loader_path/Frameworks",
				);
				PRODUCT_BUNDLE_IDENTIFIER = com.hourglasslab.BLERequest;
				PRODUCT_NAME = "$(TARGET_NAME:c99extidentifier)";
				SKIP_INSTALL = YES;
				SWIFT_VERSION = 5.0;
				TARGETED_DEVICE_FAMILY = "1,2";
			};
			name = Release;
		};
		9D99AEEB22657832009FF7AB /* Debug */ = {
			isa = XCBuildConfiguration;
			buildSettings = {
				ALWAYS_EMBED_SWIFT_STANDARD_LIBRARIES = YES;
				ASSETCATALOG_COMPILER_APPICON_NAME = AppIcon;
				CODE_SIGN_STYLE = Automatic;
				DEVELOPMENT_TEAM = 8UKBB68PFP;
				INFOPLIST_FILE = BLECentralTest/Info.plist;
				IPHONEOS_DEPLOYMENT_TARGET = 10.0;
				LD_RUNPATH_SEARCH_PATHS = (
					"$(inherited)",
					"@executable_path/Frameworks",
				);
				PRODUCT_BUNDLE_IDENTIFIER = com.hourglasslab.BLECentralTest;
				PRODUCT_NAME = "$(TARGET_NAME)";
				SWIFT_VERSION = 5.0;
				TARGETED_DEVICE_FAMILY = "1,2";
			};
			name = Debug;
		};
		9D99AEEC22657832009FF7AB /* Release */ = {
			isa = XCBuildConfiguration;
			buildSettings = {
				ALWAYS_EMBED_SWIFT_STANDARD_LIBRARIES = YES;
				ASSETCATALOG_COMPILER_APPICON_NAME = AppIcon;
				CODE_SIGN_STYLE = Automatic;
				DEVELOPMENT_TEAM = 8UKBB68PFP;
				INFOPLIST_FILE = BLECentralTest/Info.plist;
				IPHONEOS_DEPLOYMENT_TARGET = 10.0;
				LD_RUNPATH_SEARCH_PATHS = (
					"$(inherited)",
					"@executable_path/Frameworks",
				);
				PRODUCT_BUNDLE_IDENTIFIER = com.hourglasslab.BLECentralTest;
				PRODUCT_NAME = "$(TARGET_NAME)";
				SWIFT_VERSION = 5.0;
				TARGETED_DEVICE_FAMILY = "1,2";
			};
			name = Release;
		};
		9D99AF0922657FCE009FF7AB /* Debug */ = {
			isa = XCBuildConfiguration;
			buildSettings = {
				ALWAYS_EMBED_SWIFT_STANDARD_LIBRARIES = YES;
				ASSETCATALOG_COMPILER_APPICON_NAME = AppIcon;
				CODE_SIGN_STYLE = Automatic;
				DEVELOPMENT_TEAM = 8UKBB68PFP;
				INFOPLIST_FILE = BLEPeripheralTest/Info.plist;
				IPHONEOS_DEPLOYMENT_TARGET = 10.0;
				LD_RUNPATH_SEARCH_PATHS = (
					"$(inherited)",
					"@executable_path/Frameworks",
				);
				PRODUCT_BUNDLE_IDENTIFIER = com.hourglasslab.BLEPeripheralTest;
				PRODUCT_NAME = "$(TARGET_NAME)";
				SWIFT_VERSION = 5.0;
				TARGETED_DEVICE_FAMILY = "1,2";
			};
			name = Debug;
		};
		9D99AF0A22657FCE009FF7AB /* Release */ = {
			isa = XCBuildConfiguration;
			buildSettings = {
				ALWAYS_EMBED_SWIFT_STANDARD_LIBRARIES = YES;
				ASSETCATALOG_COMPILER_APPICON_NAME = AppIcon;
				CODE_SIGN_STYLE = Automatic;
				DEVELOPMENT_TEAM = 8UKBB68PFP;
				INFOPLIST_FILE = BLEPeripheralTest/Info.plist;
				IPHONEOS_DEPLOYMENT_TARGET = 10.0;
				LD_RUNPATH_SEARCH_PATHS = (
					"$(inherited)",
					"@executable_path/Frameworks",
				);
				PRODUCT_BUNDLE_IDENTIFIER = com.hourglasslab.BLEPeripheralTest;
				PRODUCT_NAME = "$(TARGET_NAME)";
				SWIFT_VERSION = 5.0;
				TARGETED_DEVICE_FAMILY = "1,2";
			};
			name = Release;
		};
/* End XCBuildConfiguration section */

/* Begin XCConfigurationList section */
		9D83DFE822603509006E7F09 /* Build configuration list for PBXProject "BLERequest" */ = {
			isa = XCConfigurationList;
			buildConfigurations = (
				9D83E0002260350A006E7F09 /* Debug */,
				9D83E0012260350A006E7F09 /* Release */,
			);
			defaultConfigurationIsVisible = 0;
			defaultConfigurationName = Release;
		};
		9D83E0022260350A006E7F09 /* Build configuration list for PBXNativeTarget "BLERequest" */ = {
			isa = XCConfigurationList;
			buildConfigurations = (
				9D83E0032260350A006E7F09 /* Debug */,
				9D83E0042260350A006E7F09 /* Release */,
			);
			defaultConfigurationIsVisible = 0;
			defaultConfigurationName = Release;
		};
		9D99AEEA22657832009FF7AB /* Build configuration list for PBXNativeTarget "BLECentralTest" */ = {
			isa = XCConfigurationList;
			buildConfigurations = (
				9D99AEEB22657832009FF7AB /* Debug */,
				9D99AEEC22657832009FF7AB /* Release */,
			);
			defaultConfigurationIsVisible = 0;
			defaultConfigurationName = Release;
		};
		9D99AF0822657FCE009FF7AB /* Build configuration list for PBXNativeTarget "BLEPeripheralTest" */ = {
			isa = XCConfigurationList;
			buildConfigurations = (
				9D99AF0922657FCE009FF7AB /* Debug */,
				9D99AF0A22657FCE009FF7AB /* Release */,
			);
			defaultConfigurationIsVisible = 0;
			defaultConfigurationName = Release;
		};
/* End XCConfigurationList section */
	};
	rootObject = 9D83DFE522603509006E7F09 /* Project object */;
}
